
Microsoft Visual Studio Solution File, Format Version 12.00
# Visual Studio 15
VisualStudioVersion = 15.0.27130.2027
MinimumVisualStudioVersion = 10.0.40219.1
Project("{2150E333-8FDC-42A3-9474-1A3956D46DE8}") = "1 - Presentation", "1 - Presentation", "{51F9231D-0048-4E49-9C64-3328E6339DB5}"
EndProject
Project("{2150E333-8FDC-42A3-9474-1A3956D46DE8}") = "2 - Application", "2 - Application", "{9E3BBD39-F84C-4FE8-A6CF-62F4C23BD908}"
EndProject
Project("{2150E333-8FDC-42A3-9474-1A3956D46DE8}") = "3 - Domain", "3 - Domain", "{9947B844-E814-4BC0-9438-538FC97D8FF2}"
EndProject
Project("{2150E333-8FDC-42A3-9474-1A3956D46DE8}") = "4 - Infra", "4 - Infra", "{E8F5AD6F-E52C-4BF5-915D-9363055379A3}"
EndProject
Project("{2150E333-8FDC-42A3-9474-1A3956D46DE8}") = "4.1 - Data", "4.1 - Data", "{A14659E9-1776-4B97-8027-799D80839567}"
EndProject
Project("{2150E333-8FDC-42A3-9474-1A3956D46DE8}") = "4.2 - CrossCutting", "4.2 - CrossCutting", "{ADF798FB-7A3C-4A1E-BDDA-CAC3AD01F347}"
EndProject
Project("{FAE04EC0-301F-11D3-BF4B-00C04F79EFBC}") = "Tecdisa.OS.Domain", "src\Tecdisa.OS.Domain\Tecdisa.OS.Domain.csproj", "{8B0D5F30-AFE3-43C8-9B2A-EBBA67B2FBF8}"
EndProject
Project("{FAE04EC0-301F-11D3-BF4B-00C04F79EFBC}") = "Tecdisa.OS.Infra.Data", "src\Tecdisa.OS.Infra.Data\Tecdisa.OS.Infra.Data.csproj", "{7C272EAF-6589-4000-98D3-7C5A2AA6ABA2}"
EndProject
Project("{FAE04EC0-301F-11D3-BF4B-00C04F79EFBC}") = "Tecdisa.OS.Application", "src\Tecdisa.OS.Application\Tecdisa.OS.Application.csproj", "{0D959CA4-19B4-4F2E-88C5-0A99CEA15413}"
EndProject
Project("{FAE04EC0-301F-11D3-BF4B-00C04F79EFBC}") = "Tecdisa.OS.Site.UI", "src\Tecdisa.OS.Site.UI\Tecdisa.OS.Site.UI.csproj", "{77655E95-284B-47E9-B0E6-53514C572966}"
EndProject
Project("{FAE04EC0-301F-11D3-BF4B-00C04F79EFBC}") = "Tecdisa.OS.Infra.CrossCutting.IoD", "src\Tecdisa.OS.Infra.CrossCutting.IoD\Tecdisa.OS.Infra.CrossCutting.IoD.csproj", "{98D66C4B-1A68-42D9-B193-240B83142B4B}"
EndProject
Project("{FAE04EC0-301F-11D3-BF4B-00C04F79EFBC}") = "Tecdisa.OS.Infra.CrossCutting.MvcFilters", "src\Tecdisa.OS.Infra.CrossCutting.MvcFilters\Tecdisa.OS.Infra.CrossCutting.MvcFilters.csproj", "{2E79D6D7-F72F-4335-A8DC-28522BFC70CB}"
EndProject
Project("{FAE04EC0-301F-11D3-BF4B-00C04F79EFBC}") = "Tecdisa.OS.Infra.CrossCutting.Loggin", "src\Tecdisa.OS.Infra.CrossCutting.Loggin\Tecdisa.OS.Infra.CrossCutting.Loggin.csproj", "{46F3B40E-A011-481A-8B72-D7A7A86166BC}"
EndProject
Global
	GlobalSection(SolutionConfigurationPlatforms) = preSolution
		Debug|Any CPU = Debug|Any CPU
		Release|Any CPU = Release|Any CPU
	EndGlobalSection
	GlobalSection(ProjectConfigurationPlatforms) = postSolution
		{8B0D5F30-AFE3-43C8-9B2A-EBBA67B2FBF8}.Debug|Any CPU.ActiveCfg = Debug|Any CPU
		{8B0D5F30-AFE3-43C8-9B2A-EBBA67B2FBF8}.Debug|Any CPU.Build.0 = Debug|Any CPU
		{8B0D5F30-AFE3-43C8-9B2A-EBBA67B2FBF8}.Release|Any CPU.ActiveCfg = Release|Any CPU
		{8B0D5F30-AFE3-43C8-9B2A-EBBA67B2FBF8}.Release|Any CPU.Build.0 = Release|Any CPU
		{7C272EAF-6589-4000-98D3-7C5A2AA6ABA2}.Debug|Any CPU.ActiveCfg = Debug|Any CPU
		{7C272EAF-6589-4000-98D3-7C5A2AA6ABA2}.Debug|Any CPU.Build.0 = Debug|Any CPU
		{7C272EAF-6589-4000-98D3-7C5A2AA6ABA2}.Release|Any CPU.ActiveCfg = Release|Any CPU
		{7C272EAF-6589-4000-98D3-7C5A2AA6ABA2}.Release|Any CPU.Build.0 = Release|Any CPU
		{0D959CA4-19B4-4F2E-88C5-0A99CEA15413}.Debug|Any CPU.ActiveCfg = Debug|Any CPU
		{0D959CA4-19B4-4F2E-88C5-0A99CEA15413}.Debug|Any CPU.Build.0 = Debug|Any CPU
		{0D959CA4-19B4-4F2E-88C5-0A99CEA15413}.Release|Any CPU.ActiveCfg = Release|Any CPU
		{0D959CA4-19B4-4F2E-88C5-0A99CEA15413}.Release|Any CPU.Build.0 = Release|Any CPU
		{77655E95-284B-47E9-B0E6-53514C572966}.Debug|Any CPU.ActiveCfg = Debug|Any CPU
		{77655E95-284B-47E9-B0E6-53514C572966}.Debug|Any CPU.Build.0 = Debug|Any CPU
		{77655E95-284B-47E9-B0E6-53514C572966}.Release|Any CPU.ActiveCfg = Release|Any CPU
		{77655E95-284B-47E9-B0E6-53514C572966}.Release|Any CPU.Build.0 = Release|Any CPU
		{98D66C4B-1A68-42D9-B193-240B83142B4B}.Debug|Any CPU.ActiveCfg = Debug|Any CPU
		{98D66C4B-1A68-42D9-B193-240B83142B4B}.Debug|Any CPU.Build.0 = Debug|Any CPU
		{98D66C4B-1A68-42D9-B193-240B83142B4B}.Release|Any CPU.ActiveCfg = Release|Any CPU
		{98D66C4B-1A68-42D9-B193-240B83142B4B}.Release|Any CPU.Build.0 = Release|Any CPU
		{2E79D6D7-F72F-4335-A8DC-28522BFC70CB}.Debug|Any CPU.ActiveCfg = Debug|Any CPU
		{2E79D6D7-F72F-4335-A8DC-28522BFC70CB}.Debug|Any CPU.Build.0 = Debug|Any CPU
		{2E79D6D7-F72F-4335-A8DC-28522BFC70CB}.Release|Any CPU.ActiveCfg = Release|Any CPU
		{2E79D6D7-F72F-4335-A8DC-28522BFC70CB}.Release|Any CPU.Build.0 = Release|Any CPU
		{46F3B40E-A011-481A-8B72-D7A7A86166BC}.Debug|Any CPU.ActiveCfg = Debug|Any CPU
		{46F3B40E-A011-481A-8B72-D7A7A86166BC}.Debug|Any CPU.Build.0 = Debug|Any CPU
		{46F3B40E-A011-481A-8B72-D7A7A86166BC}.Release|Any CPU.ActiveCfg = Release|Any CPU
		{46F3B40E-A011-481A-8B72-D7A7A86166BC}.Release|Any CPU.Build.0 = Release|Any CPU
	EndGlobalSection
	GlobalSection(SolutionProperties) = preSolution
		HideSolutionNode = FALSE
	EndGlobalSection
	GlobalSection(NestedProjects) = preSolution
		{A14659E9-1776-4B97-8027-799D80839567} = {E8F5AD6F-E52C-4BF5-915D-9363055379A3}
		{ADF798FB-7A3C-4A1E-BDDA-CAC3AD01F347} = {E8F5AD6F-E52C-4BF5-915D-9363055379A3}
		{8B0D5F30-AFE3-43C8-9B2A-EBBA67B2FBF8} = {9947B844-E814-4BC0-9438-538FC97D8FF2}
		{7C272EAF-6589-4000-98D3-7C5A2AA6ABA2} = {A14659E9-1776-4B97-8027-799D80839567}
		{0D959CA4-19B4-4F2E-88C5-0A99CEA15413} = {9E3BBD39-F84C-4FE8-A6CF-62F4C23BD908}
		{77655E95-284B-47E9-B0E6-53514C572966} = {51F9231D-0048-4E49-9C64-3328E6339DB5}
		{98D66C4B-1A68-42D9-B193-240B83142B4B} = {ADF798FB-7A3C-4A1E-BDDA-CAC3AD01F347}
		{2E79D6D7-F72F-4335-A8DC-28522BFC70CB} = {ADF798FB-7A3C-4A1E-BDDA-CAC3AD01F347}
		{46F3B40E-A011-481A-8B72-D7A7A86166BC} = {ADF798FB-7A3C-4A1E-BDDA-CAC3AD01F347}
	EndGlobalSection
	GlobalSection(ExtensibilityGlobals) = postSolution
		SolutionGuid = {79468CC2-2A02-44AB-B9B9-9CB0C2D54265}
	EndGlobalSection
EndGlobal
